
Microsoft Visual Studio Solution File, Format Version 11.00
# Visual Studio 2010
Project("{E24C65DC-7377-472B-9ABA-BC803B73C61A}") = "WADProject", ".", "{A5A6206F-B3D0-4863-8FAB-3D22A2332D27}"
	ProjectSection(WebsiteProperties) = preProject
		TargetFrameworkMoniker = ".NETFramework,Version%3Dv4.0"
		Debug.AspNetCompiler.VirtualPath = "/WADProject"
		Debug.AspNetCompiler.PhysicalPath = "..\WADProject\"
		Debug.AspNetCompiler.TargetPath = "PrecompiledWeb\WADProject\"
		Debug.AspNetCompiler.Updateable = "true"
		Debug.AspNetCompiler.ForceOverwrite = "true"
		Debug.AspNetCompiler.FixedNames = "false"
		Debug.AspNetCompiler.Debug = "True"
		Release.AspNetCompiler.VirtualPath = "/WADProject"
		Release.AspNetCompiler.PhysicalPath = "..\WADProject\"
		Release.AspNetCompiler.TargetPath = "PrecompiledWeb\WADProject\"
		Release.AspNetCompiler.Updateable = "true"
		Release.AspNetCompiler.ForceOverwrite = "true"
		Release.AspNetCompiler.FixedNames = "false"
		Release.AspNetCompiler.Debug = "False"
		VWDPort = "49434"
	EndProjectSection
EndProject
Global
	GlobalSection(SolutionConfigurationPlatforms) = preSolution
		Debug|Any CPU = Debug|Any CPU
	EndGlobalSection
	GlobalSection(ProjectConfigurationPlatforms) = postSolution
		{A5A6206F-B3D0-4863-8FAB-3D22A2332D27}.Debug|Any CPU.ActiveCfg = Debug|Any CPU
		{A5A6206F-B3D0-4863-8FAB-3D22A2332D27}.Debug|Any CPU.Build.0 = Debug|Any CPU
	EndGlobalSection
	GlobalSection(SolutionProperties) = preSolution
		HideSolutionNode = FALSE
	EndGlobalSection
EndGlobal
